
Microsoft Visual Studio Solution File, Format Version 12.00
# Visual Studio Version 16
VisualStudioVersion = 16.0.31313.79
MinimumVisualStudioVersion = 10.0.40219.1
Project("{FAE04EC0-301F-11D3-BF4B-00C04F79EFBC}") = "WebsiteImages", "WebsiteImages\WebsiteImages.csproj", "{00ABBC65-307D-475C-AB62-1C81FB6A7554}"
EndProject
Global
	GlobalSection(SolutionConfigurationPlatforms) = preSolution
		Debug|Any CPU = Debug|Any CPU
		Release|Any CPU = Release|Any CPU
	EndGlobalSection
	GlobalSection(ProjectConfigurationPlatforms) = postSolution
		{00ABBC65-307D-475C-AB62-1C81FB6A7554}.Debug|Any CPU.ActiveCfg = Debug|Any CPU
		{00ABBC65-307D-475C-AB62-1C81FB6A7554}.Debug|Any CPU.Build.0 = Debug|Any CPU
		{00ABBC65-307D-475C-AB62-1C81FB6A7554}.Release|Any CPU.ActiveCfg = Release|Any CPU
		{00ABBC65-307D-475C-AB62-1C81FB6A7554}.Release|Any CPU.Build.0 = Release|Any CPU
	EndGlobalSection
	GlobalSection(SolutionProperties) = preSolution
		HideSolutionNode = FALSE
	EndGlobalSection
	GlobalSection(ExtensibilityGlobals) = postSolution
		SolutionGuid = {C336B1A6-C200-4703-B42A-581CB717B261}
	EndGlobalSection
EndGlobal
